
Microsoft Visual Studio Solution File, Format Version 12.00
# Visual Studio Version 17
VisualStudioVersion = 17.2.32630.192
MinimumVisualStudioVersion = 10.0.40219.1
Project("{FAE04EC0-301F-11D3-BF4B-00C04F79EFBC}") = "Futbolcu", "Futbolcu\Futbolcu.csproj", "{2D4A93E5-E2CE-4E26-AEC8-BC538A663F04}"
EndProject
Global
	GlobalSection(SolutionConfigurationPlatforms) = preSolution
		Debug|Any CPU = Debug|Any CPU
		Release|Any CPU = Release|Any CPU
	EndGlobalSection
	GlobalSection(ProjectConfigurationPlatforms) = postSolution
		{2D4A93E5-E2CE-4E26-AEC8-BC538A663F04}.Debug|Any CPU.ActiveCfg = Debug|Any CPU
		{2D4A93E5-E2CE-4E26-AEC8-BC538A663F04}.Debug|Any CPU.Build.0 = Debug|Any CPU
		{2D4A93E5-E2CE-4E26-AEC8-BC538A663F04}.Release|Any CPU.ActiveCfg = Release|Any CPU
		{2D4A93E5-E2CE-4E26-AEC8-BC538A663F04}.Release|Any CPU.Build.0 = Release|Any CPU
	EndGlobalSection
	GlobalSection(SolutionProperties) = preSolution
		HideSolutionNode = FALSE
	EndGlobalSection
	GlobalSection(ExtensibilityGlobals) = postSolution
		SolutionGuid = {39881425-E1EE-4EBB-94A5-7410C87DF900}
	EndGlobalSection
EndGlobal
